// !$*UTF8*$!
{
	archiveVersion = 1;
	classes = {
	};
	objectVersion = 46;
	objects = {

/* Begin PBXBuildFile section */
		C352268C1A4B5C3600E5E99C /* main.m in Sources */ = {isa = PBXBuildFile; fileRef = C352268B1A4B5C3600E5E99C /* main.m */; };
		C35226941A4B5C5700E5E99C /* Person.m in Sources */ = {isa = PBXBuildFile; fileRef = C35226931A4B5C5700E5E99C /* Person.m */; };
		C35226971A4BAB9600E5E99C /* Employee.m in Sources */ = {isa = PBXBuildFile; fileRef = C35226961A4BAB9600E5E99C /* Employee.m */; };
		C352269A1A4BD4F100E5E99C /* Asset.m in Sources */ = {isa = PBXBuildFile; fileRef = C35226991A4BD4F100E5E99C /* Asset.m */; };
/* End PBXBuildFile section */

/* Begin PBXCopyFilesBuildPhase section */
		C35226861A4B5C3600E5E99C /* CopyFiles */ = {
			isa = PBXCopyFilesBuildPhase;
			buildActionMask = 2147483647;
			dstPath = /usr/share/man/man1/;
			dstSubfolderSpec = 0;
			files = (
			);
			runOnlyForDeploymentPostprocessing = 1;
		};
/* End PBXCopyFilesBuildPhase section */

/* Begin PBXFileReference section */
		C35226881A4B5C3600E5E99C /* BMI */ = {isa = PBXFileReference; explicitFileType = "compiled.mach-o.executable"; includeInIndex = 0; path = BMI; sourceTree = BUILT_PRODUCTS_DIR; };
		C352268B1A4B5C3600E5E99C /* main.m */ = {isa = PBXFileReference; lastKnownFileType = sourcecode.c.objc; path = main.m; sourceTree = "<group>"; };
		C35226921A4B5C5700E5E99C /* Person.h */ = {isa = PBXFileReference; fileEncoding = 4; lastKnownFileType = sourcecode.c.h; path = Person.h; sourceTree = "<group>"; };
		C35226931A4B5C5700E5E99C /* Person.m */ = {isa = PBXFileReference; fileEncoding = 4; lastKnownFileType = sourcecode.c.objc; path = Person.m; sourceTree = "<group>"; };
		C35226951A4BAB9600E5E99C /* Employee.h */ = {isa = PBXFileReference; fileEncoding = 4; lastKnownFileType = sourcecode.c.h; path = Employee.h; sourceTree = "<group>"; };
		C35226961A4BAB9600E5E99C /* Employee.m */ = {isa = PBXFileReference; fileEncoding = 4; lastKnownFileType = sourcecode.c.objc; path = Employee.m; sourceTree = "<group>"; };
		C35226981A4BD4F100E5E99C /* Asset.h */ = {isa = PBXFileReference; fileEncoding = 4; lastKnownFileType = sourcecode.c.h; path = Asset.h; sourceTree = "<group>"; };
		C35226991A4BD4F100E5E99C /* Asset.m */ = {isa = PBXFileReference; fileEncoding = 4; lastKnownFileType = sourcecode.c.objc; path = Asset.m; sourceTree = "<group>"; };
/* End PBXFileReference section */

/* Begin PBXFrameworksBuildPhase section */
		C35226851A4B5C3600E5E99C /* Frameworks */ = {
			isa = PBXFrameworksBuildPhase;
			buildActionMask = 2147483647;
			files = (
			);
			runOnlyForDeploymentPostprocessing = 0;
		};
/* End PBXFrameworksBuildPhase section */

/* Begin PBXGroup section */
		C352267F1A4B5C3600E5E99C = {
			isa = PBXGroup;
			children = (
				C352268A1A4B5C3600E5E99C /* BMI */,
				C35226891A4B5C3600E5E99C /* Products */,
			);
			sourceTree = "<group>";
		};
		C35226891A4B5C3600E5E99C /* Products */ = {
			isa = PBXGroup;
			children = (
				C35226881A4B5C3600E5E99C /* BMI */,
			);
			name = Products;
			sourceTree = "<group>";
		};
		C352268A1A4B5C3600E5E99C /* BMI */ = {
			isa = PBXGroup;
			children = (
				C352268B1A4B5C3600E5E99C /* main.m */,
				C35226921A4B5C5700E5E99C /* Person.h */,
				C35226931A4B5C5700E5E99C /* Person.m */,
				C35226951A4BAB9600E5E99C /* Employee.h */,
				C35226961A4BAB9600E5E99C /* Employee.m */,
				C35226981A4BD4F100E5E99C /* Asset.h */,
				C35226991A4BD4F100E5E99C /* Asset.m */,
			);
			path = BMI;
			sourceTree = "<group>";
		};
/* End PBXGroup section */

/* Begin PBXNativeTarget section */
		C35226871A4B5C3600E5E99C /* BMI */ = {
			isa = PBXNativeTarget;
			buildConfigurationList = C352268F1A4B5C3600E5E99C /* Build configuration list for PBXNativeTarget "BMI" */;
			buildPhases = (
				C35226841A4B5C3600E5E99C /* Sources */,
				C35226851A4B5C3600E5E99C /* Frameworks */,
				C35226861A4B5C3600E5E99C /* CopyFiles */,
			);
			buildRules = (
			);
			dependencies = (
			);
			name = BMI;
			productName = BMI;
			productReference = C35226881A4B5C3600E5E99C /* BMI */;
			productType = "com.apple.product-type.tool";
		};
/* End PBXNativeTarget section */

/* Begin PBXProject section */
		C35226801A4B5C3600E5E99C /* Project object */ = {
			isa = PBXProject;
			attributes = {
				LastUpgradeCheck = 0610;
				ORGANIZATIONNAME = "Smart Home";
				TargetAttributes = {
					C35226871A4B5C3600E5E99C = {
						CreatedOnToolsVersion = 6.1;
					};
				};
			};
			buildConfigurationList = C35226831A4B5C3600E5E99C /* Build configuration list for PBXProject "BMI" */;
			compatibilityVersion = "Xcode 3.2";
			developmentRegion = English;
			hasScannedForEncodings = 0;
			knownRegions = (
				en,
			);
			mainGroup = C352267F1A4B5C3600E5E99C;
			productRefGroup = C35226891A4B5C3600E5E99C /* Products */;
			projectDirPath = "";
			projectRoot = "";
			targets = (
				C35226871A4B5C3600E5E99C /* BMI */,
			);
		};
/* End PBXProject section */

/* Begin PBXSourcesBuildPhase section */
		C35226841A4B5C3600E5E99C /* Sources */ = {
			isa = PBXSourcesBuildPhase;
			buildActionMask = 2147483647;
			files = (
				C35226971A4BAB9600E5E99C /* Employee.m in Sources */,
				C35226941A4B5C5700E5E99C /* Person.m in Sources */,
				C352269A1A4BD4F100E5E99C /* Asset.m in Sources */,
				C352268C1A4B5C3600E5E99C /* main.m in Sources */,
			);
			runOnlyForDeploymentPostprocessing = 0;
		};
/* End PBXSourcesBuildPhase section */

/* Begin XCBuildConfiguration section */
		C352268D1A4B5C3600E5E99C /* Debug */ = {
			isa = XCBuildConfiguration;
			buildSettings = {
				ALWAYS_SEARCH_USER_PATHS = NO;
				CLANG_CXX_LANGUAGE_STANDARD = "gnu++0x";
				CLANG_CXX_LIBRARY = "libc++";
				CLANG_ENABLE_MODULES = YES;
				CLANG_ENABLE_OBJC_ARC = YES;
				CLANG_WARN_BOOL_CONVERSION = YES;
				CLANG_WARN_CONSTANT_CONVERSION = YES;
				CLANG_WARN_DIRECT_OBJC_ISA_USAGE = YES_ERROR;
				CLANG_WARN_EMPTY_BODY = YES;
				CLANG_WARN_ENUM_CONVERSION = YES;
				CLANG_WARN_INT_CONVERSION = YES;
				CLANG_WARN_OBJC_ROOT_CLASS = YES_ERROR;
				CLANG_WARN_UNREACHABLE_CODE = YES;
				CLANG_WARN__DUPLICATE_METHOD_MATCH = YES;
				COPY_PHASE_STRIP = NO;
				ENABLE_STRICT_OBJC_MSGSEND = YES;
				GCC_C_LANGUAGE_STANDARD = gnu99;
				GCC_DYNAMIC_NO_PIC = NO;
				GCC_OPTIMIZATION_LEVEL = 0;
				GCC_PREPROCESSOR_DEFINITIONS = (
					"DEBUG=1",
					"$(inherited)",
				);
				GCC_SYMBOLS_PRIVATE_EXTERN = NO;
				GCC_WARN_64_TO_32_BIT_CONVERSION = YES;
				GCC_WARN_ABOUT_RETURN_TYPE = YES_ERROR;
				GCC_WARN_UNDECLARED_SELECTOR = YES;
				GCC_WARN_UNINITIALIZED_AUTOS = YES_AGGRESSIVE;
				GCC_WARN_UNUSED_FUNCTION = YES;
				GCC_WARN_UNUSED_VARIABLE = YES;
				MACOSX_DEPLOYMENT_TARGET = 10.10;
				MTL_ENABLE_DEBUG_INFO = YES;
				ONLY_ACTIVE_ARCH = YES;
				SDKROOT = macosx;
			};
			name = Debug;
		};
		C352268E1A4B5C3600E5E99C /* Release */ = {
			isa = XCBuildConfiguration;
			buildSettings = {
				ALWAYS_SEARCH_USER_PATHS = NO;
				CLANG_CXX_LANGUAGE_STANDARD = "gnu++0x";
				CLANG_CXX_LIBRARY = "libc++";
				CLANG_ENABLE_MODULES = YES;
				CLANG_ENABLE_OBJC_ARC = YES;
				CLANG_WARN_BOOL_CONVERSION = YES;
				CLANG_WARN_CONSTANT_CONVERSION = YES;
				CLANG_WARN_DIRECT_OBJC_ISA_USAGE = YES_ERROR;
				CLANG_WARN_EMPTY_BODY = YES;
				CLANG_WARN_ENUM_CONVERSION = YES;
				CLANG_WARN_INT_CONVERSION = YES;
				CLANG_WARN_OBJC_ROOT_CLASS = YES_ERROR;
				CLANG_WARN_UNREACHABLE_CODE = YES;
				CLANG_WARN__DUPLICATE_METHOD_MATCH = YES;
				COPY_PHASE_STRIP = YES;
				DEBUG_INFORMATION_FORMAT = "dwarf-with-dsym";
				ENABLE_NS_ASSERTIONS = NO;
				ENABLE_STRICT_OBJC_MSGSEND = YES;
				GCC_C_LANGUAGE_STANDARD = gnu99;
				GCC_WARN_64_TO_32_BIT_CONVERSION = YES;
				GCC_WARN_ABOUT_RETURN_TYPE = YES_ERROR;
				GCC_WARN_UNDECLARED_SELECTOR = YES;
				GCC_WARN_UNINITIALIZED_AUTOS = YES_AGGRESSIVE;
				GCC_WARN_UNUSED_FUNCTION = YES;
				GCC_WARN_UNUSED_VARIABLE = YES;
				MACOSX_DEPLOYMENT_TARGET = 10.10;
				MTL_ENABLE_DEBUG_INFO = NO;
				SDKROOT = macosx;
			};
			name = Release;
		};
		C35226901A4B5C3600E5E99C /* Debug */ = {
			isa = XCBuildConfiguration;
			buildSettings = {
				PRODUCT_NAME = "$(TARGET_NAME)";
			};
			name = Debug;
		};
		C35226911A4B5C3600E5E99C /* Release */ = {
			isa = XCBuildConfiguration;
			buildSettings = {
				PRODUCT_NAME = "$(TARGET_NAME)";
			};
			name = Release;
		};
/* End XCBuildConfiguration section */

/* Begin XCConfigurationList section */
		C35226831A4B5C3600E5E99C /* Build configuration list for PBXProject "BMI" */ = {
			isa = XCConfigurationList;
			buildConfigurations = (
				C352268D1A4B5C3600E5E99C /* Debug */,
				C352268E1A4B5C3600E5E99C /* Release */,
			);
			defaultConfigurationIsVisible = 0;
			defaultConfigurationName = Release;
		};
		C352268F1A4B5C3600E5E99C /* Build configuration list for PBXNativeTarget "BMI" */ = {
			isa = XCConfigurationList;
			buildConfigurations = (
				C35226901A4B5C3600E5E99C /* Debug */,
				C35226911A4B5C3600E5E99C /* Release */,
			);
			defaultConfigurationIsVisible = 0;
		};
/* End XCConfigurationList section */
	};
	rootObject = C35226801A4B5C3600E5E99C /* Project object */;
}
